{
  "pins" : [
    {
      "identity" : "swift-system",
      "kind" : "remoteSourceControl",
      "location" : "https://github.com/apple/swift-system",
      "state" : {
        "revision" : "0b30161977799fd949f7f6848586b82ff6764f73",
        "version" : "1.6.6"
      }
    }
  ],
  "version" : 2
}
